
Microsoft Visual Studio Solution File, Format Version 12.00
# Visual Studio Version 16
VisualStudioVersion = 16.0.32228.343
MinimumVisualStudioVersion = 10.0.40219.1
Project("{FAE04EC0-301F-11D3-BF4B-00C04F79EFBC}") = "ProEventos.API", "ProEventos.API\ProEventos.API.csproj", "{1827C0ED-355C-450E-98F9-01BD79D488DE}"
EndProject
Project("{FAE04EC0-301F-11D3-BF4B-00C04F79EFBC}") = "ProEventos.Persistence", "ProEventos.Persistence\ProEventos.Persistence.csproj", "{3394C64E-1667-44F4-B341-A8D92E56ED4A}"
EndProject
Project("{FAE04EC0-301F-11D3-BF4B-00C04F79EFBC}") = "ProEventos.Domain", "ProEventos.Domain\ProEventos.Domain.csproj", "{B2ECEEFF-B02A-471D-8DEE-9DF87CBF3DD7}"
EndProject
Project("{FAE04EC0-301F-11D3-BF4B-00C04F79EFBC}") = "ProEventos.Application", "ProEventos.Application\ProEventos.Application.csproj", "{6B5A9D55-EC68-4F96-BF13-70CBDFB97BB6}"
EndProject
Global
	GlobalSection(SolutionConfigurationPlatforms) = preSolution
		Debug|Any CPU = Debug|Any CPU
		Release|Any CPU = Release|Any CPU
	EndGlobalSection
	GlobalSection(ProjectConfigurationPlatforms) = postSolution
		{1827C0ED-355C-450E-98F9-01BD79D488DE}.Debug|Any CPU.ActiveCfg = Debug|Any CPU
		{1827C0ED-355C-450E-98F9-01BD79D488DE}.Debug|Any CPU.Build.0 = Debug|Any CPU
		{1827C0ED-355C-450E-98F9-01BD79D488DE}.Release|Any CPU.ActiveCfg = Release|Any CPU
		{1827C0ED-355C-450E-98F9-01BD79D488DE}.Release|Any CPU.Build.0 = Release|Any CPU
		{3394C64E-1667-44F4-B341-A8D92E56ED4A}.Debug|Any CPU.ActiveCfg = Debug|Any CPU
		{3394C64E-1667-44F4-B341-A8D92E56ED4A}.Debug|Any CPU.Build.0 = Debug|Any CPU
		{3394C64E-1667-44F4-B341-A8D92E56ED4A}.Release|Any CPU.ActiveCfg = Release|Any CPU
		{3394C64E-1667-44F4-B341-A8D92E56ED4A}.Release|Any CPU.Build.0 = Release|Any CPU
		{B2ECEEFF-B02A-471D-8DEE-9DF87CBF3DD7}.Debug|Any CPU.ActiveCfg = Debug|Any CPU
		{B2ECEEFF-B02A-471D-8DEE-9DF87CBF3DD7}.Debug|Any CPU.Build.0 = Debug|Any CPU
		{B2ECEEFF-B02A-471D-8DEE-9DF87CBF3DD7}.Release|Any CPU.ActiveCfg = Release|Any CPU
		{B2ECEEFF-B02A-471D-8DEE-9DF87CBF3DD7}.Release|Any CPU.Build.0 = Release|Any CPU
		{6B5A9D55-EC68-4F96-BF13-70CBDFB97BB6}.Debug|Any CPU.ActiveCfg = Debug|Any CPU
		{6B5A9D55-EC68-4F96-BF13-70CBDFB97BB6}.Debug|Any CPU.Build.0 = Debug|Any CPU
		{6B5A9D55-EC68-4F96-BF13-70CBDFB97BB6}.Release|Any CPU.ActiveCfg = Release|Any CPU
		{6B5A9D55-EC68-4F96-BF13-70CBDFB97BB6}.Release|Any CPU.Build.0 = Release|Any CPU
	EndGlobalSection
	GlobalSection(SolutionProperties) = preSolution
		HideSolutionNode = FALSE
	EndGlobalSection
	GlobalSection(ExtensibilityGlobals) = postSolution
		SolutionGuid = {239242AE-344B-401F-A224-4F371551E797}
	EndGlobalSection
EndGlobal
